// !$*UTF8*$!
{
	archiveVersion = 1;
	classes = {
	};
	objectVersion = 56;
	objects = {

/* Begin PBXBuildFile section */
		33D3338E2B5044A100249462 /* AppDelegate.swift in Sources */ = {isa = PBXBuildFile; fileRef = 33D3338D2B5044A100249462 /* AppDelegate.swift */; };
		33D333902B5044A100249462 /* SceneDelegate.swift in Sources */ = {isa = PBXBuildFile; fileRef = 33D3338F2B5044A100249462 /* SceneDelegate.swift */; };
		33D333922B5044A100249462 /* LoginViewController.swift in Sources */ = {isa = PBXBuildFile; fileRef = 33D333912B5044A100249462 /* LoginViewController.swift */; };
		33D333952B5044A100249462 /* Main.storyboard in Resources */ = {isa = PBXBuildFile; fileRef = 33D333932B5044A100249462 /* Main.storyboard */; };
		33D333972B5044A300249462 /* Assets.xcassets in Resources */ = {isa = PBXBuildFile; fileRef = 33D333962B5044A300249462 /* Assets.xcassets */; };
		33D3339A2B5044A300249462 /* LaunchScreen.storyboard in Resources */ = {isa = PBXBuildFile; fileRef = 33D333982B5044A300249462 /* LaunchScreen.storyboard */; };
		33D333A32B50454700249462 /* WelcomeViewController.swift in Sources */ = {isa = PBXBuildFile; fileRef = 33D333A22B50454700249462 /* WelcomeViewController.swift */; };
		33D333A52B50456300249462 /* UserViewController.swift in Sources */ = {isa = PBXBuildFile; fileRef = 33D333A42B50456300249462 /* UserViewController.swift */; };
		33D333A72B50457700249462 /* UserBioViewController.swift in Sources */ = {isa = PBXBuildFile; fileRef = 33D333A62B50457700249462 /* UserBioViewController.swift */; };
		33D333A92B50466E00249462 /* TabBarViewController.swift in Sources */ = {isa = PBXBuildFile; fileRef = 33D333A82B50466E00249462 /* TabBarViewController.swift */; };
		33D333AE2B5046ED00249462 /* User.swift in Sources */ = {isa = PBXBuildFile; fileRef = 33D333AD2B5046ED00249462 /* User.swift */; };
/* End PBXBuildFile section */

/* Begin PBXFileReference section */
		33D3338A2B5044A100249462 /* My_HW_Person_2.07.app */ = {isa = PBXFileReference; explicitFileType = wrapper.application; includeInIndex = 0; path = My_HW_Person_2.07.app; sourceTree = BUILT_PRODUCTS_DIR; };
		33D3338D2B5044A100249462 /* AppDelegate.swift */ = {isa = PBXFileReference; lastKnownFileType = sourcecode.swift; path = AppDelegate.swift; sourceTree = "<group>"; };
		33D3338F2B5044A100249462 /* SceneDelegate.swift */ = {isa = PBXFileReference; lastKnownFileType = sourcecode.swift; path = SceneDelegate.swift; sourceTree = "<group>"; };
		33D333912B5044A100249462 /* LoginViewController.swift */ = {isa = PBXFileReference; lastKnownFileType = sourcecode.swift; path = LoginViewController.swift; sourceTree = "<group>"; };
		33D333942B5044A100249462 /* Base */ = {isa = PBXFileReference; lastKnownFileType = file.storyboard; name = Base; path = Base.lproj/Main.storyboard; sourceTree = "<group>"; };
		33D333962B5044A300249462 /* Assets.xcassets */ = {isa = PBXFileReference; lastKnownFileType = folder.assetcatalog; path = Assets.xcassets; sourceTree = "<group>"; };
		33D333992B5044A300249462 /* Base */ = {isa = PBXFileReference; lastKnownFileType = file.storyboard; name = Base; path = Base.lproj/LaunchScreen.storyboard; sourceTree = "<group>"; };
		33D3339B2B5044A300249462 /* Info.plist */ = {isa = PBXFileReference; lastKnownFileType = text.plist.xml; path = Info.plist; sourceTree = "<group>"; };
		33D333A22B50454700249462 /* WelcomeViewController.swift */ = {isa = PBXFileReference; lastKnownFileType = sourcecode.swift; path = WelcomeViewController.swift; sourceTree = "<group>"; };
		33D333A42B50456300249462 /* UserViewController.swift */ = {isa = PBXFileReference; lastKnownFileType = sourcecode.swift; path = UserViewController.swift; sourceTree = "<group>"; };
		33D333A62B50457700249462 /* UserBioViewController.swift */ = {isa = PBXFileReference; lastKnownFileType = sourcecode.swift; path = UserBioViewController.swift; sourceTree = "<group>"; };
		33D333A82B50466E00249462 /* TabBarViewController.swift */ = {isa = PBXFileReference; lastKnownFileType = sourcecode.swift; path = TabBarViewController.swift; sourceTree = "<group>"; };
		33D333AD2B5046ED00249462 /* User.swift */ = {isa = PBXFileReference; lastKnownFileType = sourcecode.swift; path = User.swift; sourceTree = "<group>"; };
/* End PBXFileReference section */

/* Begin PBXFrameworksBuildPhase section */
		33D333872B5044A100249462 /* Frameworks */ = {
			isa = PBXFrameworksBuildPhase;
			buildActionMask = 2147483647;
			files = (
			);
			runOnlyForDeploymentPostprocessing = 0;
		};
/* End PBXFrameworksBuildPhase section */

/* Begin PBXGroup section */
		33D333812B5044A100249462 = {
			isa = PBXGroup;
			children = (
				33D3338C2B5044A100249462 /* My_HW_Person_2.07 */,
				33D3338B2B5044A100249462 /* Products */,
			);
			sourceTree = "<group>";
		};
		33D3338B2B5044A100249462 /* Products */ = {
			isa = PBXGroup;
			children = (
				33D3338A2B5044A100249462 /* My_HW_Person_2.07.app */,
			);
			name = Products;
			sourceTree = "<group>";
		};
		33D3338C2B5044A100249462 /* My_HW_Person_2.07 */ = {
			isa = PBXGroup;
			children = (
				33D333AA2B50467B00249462 /* ViewControllers */,
				33D333AC2B5046C200249462 /* Models */,
				33D333AB2B5046A800249462 /* StoryBoards */,
				33D333A12B5044D200249462 /* App */,
				33D333962B5044A300249462 /* Assets.xcassets */,
			);
			path = My_HW_Person_2.07;
			sourceTree = "<group>";
		};
		33D333A12B5044D200249462 /* App */ = {
			isa = PBXGroup;
			children = (
				33D3338D2B5044A100249462 /* AppDelegate.swift */,
				33D3338F2B5044A100249462 /* SceneDelegate.swift */,
				33D3339B2B5044A300249462 /* Info.plist */,
			);
			path = App;
			sourceTree = "<group>";
		};
		33D333AA2B50467B00249462 /* ViewControllers */ = {
			isa = PBXGroup;
			children = (
				33D333912B5044A100249462 /* LoginViewController.swift */,
				33D333A22B50454700249462 /* WelcomeViewController.swift */,
				33D333A42B50456300249462 /* UserViewController.swift */,
				33D333A62B50457700249462 /* UserBioViewController.swift */,
				33D333A82B50466E00249462 /* TabBarViewController.swift */,
			);
			path = ViewControllers;
			sourceTree = "<group>";
		};
		33D333AB2B5046A800249462 /* StoryBoards */ = {
			isa = PBXGroup;
			children = (
				33D333932B5044A100249462 /* Main.storyboard */,
				33D333982B5044A300249462 /* LaunchScreen.storyboard */,
			);
			path = StoryBoards;
			sourceTree = "<group>";
		};
		33D333AC2B5046C200249462 /* Models */ = {
			isa = PBXGroup;
			children = (
				33D333AD2B5046ED00249462 /* User.swift */,
			);
			path = Models;
			sourceTree = "<group>";
		};
/* End PBXGroup section */

/* Begin PBXNativeTarget section */
		33D333892B5044A100249462 /* My_HW_Person_2.07 */ = {
			isa = PBXNativeTarget;
			buildConfigurationList = 33D3339E2B5044A300249462 /* Build configuration list for PBXNativeTarget "My_HW_Person_2.07" */;
			buildPhases = (
				33D333862B5044A100249462 /* Sources */,
				33D333872B5044A100249462 /* Frameworks */,
				33D333882B5044A100249462 /* Resources */,
			);
			buildRules = (
			);
			dependencies = (
			);
			name = My_HW_Person_2.07;
			productName = My_HW_Person_2.07;
			productReference = 33D3338A2B5044A100249462 /* My_HW_Person_2.07.app */;
			productType = "com.apple.product-type.application";
		};
/* End PBXNativeTarget section */

/* Begin PBXProject section */
		33D333822B5044A100249462 /* Project object */ = {
			isa = PBXProject;
			attributes = {
				BuildIndependentTargetsInParallel = 1;
				LastSwiftUpdateCheck = 1500;
				LastUpgradeCheck = 1500;
				TargetAttributes = {
					33D333892B5044A100249462 = {
						CreatedOnToolsVersion = 15.0.1;
					};
				};
			};
			buildConfigurationList = 33D333852B5044A100249462 /* Build configuration list for PBXProject "My_HW_Person_2.07" */;
			compatibilityVersion = "Xcode 14.0";
			developmentRegion = en;
			hasScannedForEncodings = 0;
			knownRegions = (
				en,
				Base,
			);
			mainGroup = 33D333812B5044A100249462;
			productRefGroup = 33D3338B2B5044A100249462 /* Products */;
			projectDirPath = "";
			projectRoot = "";
			targets = (
				33D333892B5044A100249462 /* My_HW_Person_2.07 */,
			);
		};
/* End PBXProject section */

/* Begin PBXResourcesBuildPhase section */
		33D333882B5044A100249462 /* Resources */ = {
			isa = PBXResourcesBuildPhase;
			buildActionMask = 2147483647;
			files = (
				33D3339A2B5044A300249462 /* LaunchScreen.storyboard in Resources */,
				33D333972B5044A300249462 /* Assets.xcassets in Resources */,
				33D333952B5044A100249462 /* Main.storyboard in Resources */,
			);
			runOnlyForDeploymentPostprocessing = 0;
		};
/* End PBXResourcesBuildPhase section */

/* Begin PBXSourcesBuildPhase section */
		33D333862B5044A100249462 /* Sources */ = {
			isa = PBXSourcesBuildPhase;
			buildActionMask = 2147483647;
			files = (
				33D333A72B50457700249462 /* UserBioViewController.swift in Sources */,
				33D333922B5044A100249462 /* LoginViewController.swift in Sources */,
				33D333A52B50456300249462 /* UserViewController.swift in Sources */,
				33D333A32B50454700249462 /* WelcomeViewController.swift in Sources */,
				33D333AE2B5046ED00249462 /* User.swift in Sources */,
				33D333A92B50466E00249462 /* TabBarViewController.swift in Sources */,
				33D3338E2B5044A100249462 /* AppDelegate.swift in Sources */,
				33D333902B5044A100249462 /* SceneDelegate.swift in Sources */,
			);
			runOnlyForDeploymentPostprocessing = 0;
		};
/* End PBXSourcesBuildPhase section */

/* Begin PBXVariantGroup section */
		33D333932B5044A100249462 /* Main.storyboard */ = {
			isa = PBXVariantGroup;
			children = (
				33D333942B5044A100249462 /* Base */,
			);
			name = Main.storyboard;
			sourceTree = "<group>";
		};
		33D333982B5044A300249462 /* LaunchScreen.storyboard */ = {
			isa = PBXVariantGroup;
			children = (
				33D333992B5044A300249462 /* Base */,
			);
			name = LaunchScreen.storyboard;
			sourceTree = "<group>";
		};
/* End PBXVariantGroup section */

/* Begin XCBuildConfiguration section */
		33D3339C2B5044A300249462 /* Debug */ = {
			isa = XCBuildConfiguration;
			buildSettings = {
				ALWAYS_SEARCH_USER_PATHS = NO;
				ASSETCATALOG_COMPILER_GENERATE_SWIFT_ASSET_SYMBOL_EXTENSIONS = YES;
				CLANG_ANALYZER_NONNULL = YES;
				CLANG_ANALYZER_NUMBER_OBJECT_CONVERSION = YES_AGGRESSIVE;
				CLANG_CXX_LANGUAGE_STANDARD = "gnu++20";
				CLANG_ENABLE_MODULES = YES;
				CLANG_ENABLE_OBJC_ARC = YES;
				CLANG_ENABLE_OBJC_WEAK = YES;
				CLANG_WARN_BLOCK_CAPTURE_AUTORELEASING = YES;
				CLANG_WARN_BOOL_CONVERSION = YES;
				CLANG_WARN_COMMA = YES;
				CLANG_WARN_CONSTANT_CONVERSION = YES;
				CLANG_WARN_DEPRECATED_OBJC_IMPLEMENTATIONS = YES;
				CLANG_WARN_DIRECT_OBJC_ISA_USAGE = YES_ERROR;
				CLANG_WARN_DOCUMENTATION_COMMENTS = YES;
				CLANG_WARN_EMPTY_BODY = YES;
				CLANG_WARN_ENUM_CONVERSION = YES;
				CLANG_WARN_INFINITE_RECURSION = YES;
				CLANG_WARN_INT_CONVERSION = YES;
				CLANG_WARN_NON_LITERAL_NULL_CONVERSION = YES;
				CLANG_WARN_OBJC_IMPLICIT_RETAIN_SELF = YES;
				CLANG_WARN_OBJC_LITERAL_CONVERSION = YES;
				CLANG_WARN_OBJC_ROOT_CLASS = YES_ERROR;
				CLANG_WARN_QUOTED_INCLUDE_IN_FRAMEWORK_HEADER = YES;
				CLANG_WARN_RANGE_LOOP_ANALYSIS = YES;
				CLANG_WARN_STRICT_PROTOTYPES = YES;
				CLANG_WARN_SUSPICIOUS_MOVE = YES;
				CLANG_WARN_UNGUARDED_AVAILABILITY = YES_AGGRESSIVE;
				CLANG_WARN_UNREACHABLE_CODE = YES;
				CLANG_WARN__DUPLICATE_METHOD_MATCH = YES;
				COPY_PHASE_STRIP = NO;
				DEBUG_INFORMATION_FORMAT = dwarf;
				ENABLE_STRICT_OBJC_MSGSEND = YES;
				ENABLE_TESTABILITY = YES;
				ENABLE_USER_SCRIPT_SANDBOXING = YES;
				GCC_C_LANGUAGE_STANDARD = gnu17;
				GCC_DYNAMIC_NO_PIC = NO;
				GCC_NO_COMMON_BLOCKS = YES;
				GCC_OPTIMIZATION_LEVEL = 0;
				GCC_PREPROCESSOR_DEFINITIONS = (
					"DEBUG=1",
					"$(inherited)",
				);
				GCC_WARN_64_TO_32_BIT_CONVERSION = YES;
				GCC_WARN_ABOUT_RETURN_TYPE = YES_ERROR;
				GCC_WARN_UNDECLARED_SELECTOR = YES;
				GCC_WARN_UNINITIALIZED_AUTOS = YES_AGGRESSIVE;
				GCC_WARN_UNUSED_FUNCTION = YES;
				GCC_WARN_UNUSED_VARIABLE = YES;
				IPHONEOS_DEPLOYMENT_TARGET = 17.0;
				LOCALIZATION_PREFERS_STRING_CATALOGS = YES;
				MTL_ENABLE_DEBUG_INFO = INCLUDE_SOURCE;
				MTL_FAST_MATH = YES;
				ONLY_ACTIVE_ARCH = YES;
				SDKROOT = iphoneos;
				SWIFT_ACTIVE_COMPILATION_CONDITIONS = "DEBUG $(inherited)";
				SWIFT_OPTIMIZATION_LEVEL = "-Onone";
			};
			name = Debug;
		};
		33D3339D2B5044A300249462 /* Release */ = {
			isa = XCBuildConfiguration;
			buildSettings = {
				ALWAYS_SEARCH_USER_PATHS = NO;
				ASSETCATALOG_COMPILER_GENERATE_SWIFT_ASSET_SYMBOL_EXTENSIONS = YES;
				CLANG_ANALYZER_NONNULL = YES;
				CLANG_ANALYZER_NUMBER_OBJECT_CONVERSION = YES_AGGRESSIVE;
				CLANG_CXX_LANGUAGE_STANDARD = "gnu++20";
				CLANG_ENABLE_MODULES = YES;
				CLANG_ENABLE_OBJC_ARC = YES;
				CLANG_ENABLE_OBJC_WEAK = YES;
				CLANG_WARN_BLOCK_CAPTURE_AUTORELEASING = YES;
				CLANG_WARN_BOOL_CONVERSION = YES;
				CLANG_WARN_COMMA = YES;
				CLANG_WARN_CONSTANT_CONVERSION = YES;
				CLANG_WARN_DEPRECATED_OBJC_IMPLEMENTATIONS = YES;
				CLANG_WARN_DIRECT_OBJC_ISA_USAGE = YES_ERROR;
				CLANG_WARN_DOCUMENTATION_COMMENTS = YES;
				CLANG_WARN_EMPTY_BODY = YES;
				CLANG_WARN_ENUM_CONVERSION = YES;
				CLANG_WARN_INFINITE_RECURSION = YES;
				CLANG_WARN_INT_CONVERSION = YES;
				CLANG_WARN_NON_LITERAL_NULL_CONVERSION = YES;
				CLANG_WARN_OBJC_IMPLICIT_RETAIN_SELF = YES;
				CLANG_WARN_OBJC_LITERAL_CONVERSION = YES;
				CLANG_WARN_OBJC_ROOT_CLASS = YES_ERROR;
				CLANG_WARN_QUOTED_INCLUDE_IN_FRAMEWORK_HEADER = YES;
				CLANG_WARN_RANGE_LOOP_ANALYSIS = YES;
				CLANG_WARN_STRICT_PROTOTYPES = YES;
				CLANG_WARN_SUSPICIOUS_MOVE = YES;
				CLANG_WARN_UNGUARDED_AVAILABILITY = YES_AGGRESSIVE;
				CLANG_WARN_UNREACHABLE_CODE = YES;
				CLANG_WARN__DUPLICATE_METHOD_MATCH = YES;
				COPY_PHASE_STRIP = NO;
				DEBUG_INFORMATION_FORMAT = "dwarf-with-dsym";
				ENABLE_NS_ASSERTIONS = NO;
				ENABLE_STRICT_OBJC_MSGSEND = YES;
				ENABLE_USER_SCRIPT_SANDBOXING = YES;
				GCC_C_LANGUAGE_STANDARD = gnu17;
				GCC_NO_COMMON_BLOCKS = YES;
				GCC_WARN_64_TO_32_BIT_CONVERSION = YES;
				GCC_WARN_ABOUT_RETURN_TYPE = YES_ERROR;
				GCC_WARN_UNDECLARED_SELECTOR = YES;
				GCC_WARN_UNINITIALIZED_AUTOS = YES_AGGRESSIVE;
				GCC_WARN_UNUSED_FUNCTION = YES;
				GCC_WARN_UNUSED_VARIABLE = YES;
				IPHONEOS_DEPLOYMENT_TARGET = 17.0;
				LOCALIZATION_PREFERS_STRING_CATALOGS = YES;
				MTL_ENABLE_DEBUG_INFO = NO;
				MTL_FAST_MATH = YES;
				SDKROOT = iphoneos;
				SWIFT_COMPILATION_MODE = wholemodule;
				VALIDATE_PRODUCT = YES;
			};
			name = Release;
		};
		33D3339F2B5044A300249462 /* Debug */ = {
			isa = XCBuildConfiguration;
			buildSettings = {
				ASSETCATALOG_COMPILER_APPICON_NAME = AppIcon;
				ASSETCATALOG_COMPILER_GLOBAL_ACCENT_COLOR_NAME = AccentColor;
				CODE_SIGN_STYLE = Automatic;
				CURRENT_PROJECT_VERSION = 1;
				DEVELOPMENT_TEAM = 3Z9UQ5R875;
				GENERATE_INFOPLIST_FILE = YES;
				INFOPLIST_FILE = My_HW_Person_2.07/App/Info.plist;
				INFOPLIST_KEY_UIApplicationSupportsIndirectInputEvents = YES;
				INFOPLIST_KEY_UILaunchStoryboardName = LaunchScreen;
				INFOPLIST_KEY_UIMainStoryboardFile = Main;
				INFOPLIST_KEY_UISupportedInterfaceOrientations_iPad = "UIInterfaceOrientationPortrait UIInterfaceOrientationPortraitUpsideDown UIInterfaceOrientationLandscapeLeft UIInterfaceOrientationLandscapeRight";
				INFOPLIST_KEY_UISupportedInterfaceOrientations_iPhone = "UIInterfaceOrientationPortrait UIInterfaceOrientationLandscapeLeft UIInterfaceOrientationLandscapeRight";
				LD_RUNPATH_SEARCH_PATHS = (
					"$(inherited)",
					"@executable_path/Frameworks",
				);
				MARKETING_VERSION = 1.0;
				PRODUCT_BUNDLE_IDENTIFIER = "DmitryParhomenko.My-HW-Person-2-07";
				PRODUCT_NAME = "$(TARGET_NAME)";
				SUPPORTED_PLATFORMS = "iphoneos iphonesimulator";
				SUPPORTS_MACCATALYST = NO;
				SUPPORTS_MAC_DESIGNED_FOR_IPHONE_IPAD = NO;
				SWIFT_EMIT_LOC_STRINGS = YES;
				SWIFT_VERSION = 5.0;
				TARGETED_DEVICE_FAMILY = 1;
			};
			name = Debug;
		};
		33D333A02B5044A300249462 /* Release */ = {
			isa = XCBuildConfiguration;
			buildSettings = {
				ASSETCATALOG_COMPILER_APPICON_NAME = AppIcon;
				ASSETCATALOG_COMPILER_GLOBAL_ACCENT_COLOR_NAME = AccentColor;
				CODE_SIGN_STYLE = Automatic;
				CURRENT_PROJECT_VERSION = 1;
				DEVELOPMENT_TEAM = 3Z9UQ5R875;
				GENERATE_INFOPLIST_FILE = YES;
				INFOPLIST_FILE = My_HW_Person_2.07/App/Info.plist;
				INFOPLIST_KEY_UIApplicationSupportsIndirectInputEvents = YES;
				INFOPLIST_KEY_UILaunchStoryboardName = LaunchScreen;
				INFOPLIST_KEY_UIMainStoryboardFile = Main;
				INFOPLIST_KEY_UISupportedInterfaceOrientations_iPad = "UIInterfaceOrientationPortrait UIInterfaceOrientationPortraitUpsideDown UIInterfaceOrientationLandscapeLeft UIInterfaceOrientationLandscapeRight";
				INFOPLIST_KEY_UISupportedInterfaceOrientations_iPhone = "UIInterfaceOrientationPortrait UIInterfaceOrientationLandscapeLeft UIInterfaceOrientationLandscapeRight";
				LD_RUNPATH_SEARCH_PATHS = (
					"$(inherited)",
					"@executable_path/Frameworks",
				);
				MARKETING_VERSION = 1.0;
				PRODUCT_BUNDLE_IDENTIFIER = "DmitryParhomenko.My-HW-Person-2-07";
				PRODUCT_NAME = "$(TARGET_NAME)";
				SUPPORTED_PLATFORMS = "iphoneos iphonesimulator";
				SUPPORTS_MACCATALYST = NO;
				SUPPORTS_MAC_DESIGNED_FOR_IPHONE_IPAD = NO;
				SWIFT_EMIT_LOC_STRINGS = YES;
				SWIFT_VERSION = 5.0;
				TARGETED_DEVICE_FAMILY = 1;
			};
			name = Release;
		};
/* End XCBuildConfiguration section */

/* Begin XCConfigurationList section */
		33D333852B5044A100249462 /* Build configuration list for PBXProject "My_HW_Person_2.07" */ = {
			isa = XCConfigurationList;
			buildConfigurations = (
				33D3339C2B5044A300249462 /* Debug */,
				33D3339D2B5044A300249462 /* Release */,
			);
			defaultConfigurationIsVisible = 0;
			defaultConfigurationName = Release;
		};
		33D3339E2B5044A300249462 /* Build configuration list for PBXNativeTarget "My_HW_Person_2.07" */ = {
			isa = XCConfigurationList;
			buildConfigurations = (
				33D3339F2B5044A300249462 /* Debug */,
				33D333A02B5044A300249462 /* Release */,
			);
			defaultConfigurationIsVisible = 0;
			defaultConfigurationName = Release;
		};
/* End XCConfigurationList section */
	};
	rootObject = 33D333822B5044A100249462 /* Project object */;
}
